
Microsoft Visual Studio Solution File, Format Version 12.00
# Visual Studio Version 17
VisualStudioVersion = 17.8.34330.188
MinimumVisualStudioVersion = 10.0.40219.1
Project("{9A19103F-16F7-4668-BE54-9A1E7A4F7556}") = "Wheelingful.API", "Wheelingful.API\Wheelingful.API.csproj", "{9D9B3049-582D-44ED-9091-BE63174F22E0}"
EndProject
Project("{9A19103F-16F7-4668-BE54-9A1E7A4F7556}") = "Wheelingful.DAL", "Wheelingful.DAL\Wheelingful.DAL.csproj", "{84950E5E-94E3-4D39-A310-8DFB99C9837A}"
EndProject
Project("{9A19103F-16F7-4668-BE54-9A1E7A4F7556}") = "Wheelingful.BLL", "Wheelingful.BLL\Wheelingful.BLL.csproj", "{13666C78-30AB-4353-B142-AD0AE2FC58AB}"
EndProject
Project("{FAE04EC0-301F-11D3-BF4B-00C04F79EFBC}") = "Wheelingful.UnitTests", "Wheelingful.UnitTests\Wheelingful.UnitTests.csproj", "{E084E900-C44D-4A93-B242-66D0C0D99AC7}"
EndProject
Global
	GlobalSection(SolutionConfigurationPlatforms) = preSolution
		Debug|Any CPU = Debug|Any CPU
		Release|Any CPU = Release|Any CPU
	EndGlobalSection
	GlobalSection(ProjectConfigurationPlatforms) = postSolution
		{9D9B3049-582D-44ED-9091-BE63174F22E0}.Debug|Any CPU.ActiveCfg = Debug|Any CPU
		{9D9B3049-582D-44ED-9091-BE63174F22E0}.Debug|Any CPU.Build.0 = Debug|Any CPU
		{9D9B3049-582D-44ED-9091-BE63174F22E0}.Release|Any CPU.ActiveCfg = Release|Any CPU
		{9D9B3049-582D-44ED-9091-BE63174F22E0}.Release|Any CPU.Build.0 = Release|Any CPU
		{84950E5E-94E3-4D39-A310-8DFB99C9837A}.Debug|Any CPU.ActiveCfg = Debug|Any CPU
		{84950E5E-94E3-4D39-A310-8DFB99C9837A}.Debug|Any CPU.Build.0 = Debug|Any CPU
		{84950E5E-94E3-4D39-A310-8DFB99C9837A}.Release|Any CPU.ActiveCfg = Release|Any CPU
		{84950E5E-94E3-4D39-A310-8DFB99C9837A}.Release|Any CPU.Build.0 = Release|Any CPU
		{13666C78-30AB-4353-B142-AD0AE2FC58AB}.Debug|Any CPU.ActiveCfg = Debug|Any CPU
		{13666C78-30AB-4353-B142-AD0AE2FC58AB}.Debug|Any CPU.Build.0 = Debug|Any CPU
		{13666C78-30AB-4353-B142-AD0AE2FC58AB}.Release|Any CPU.ActiveCfg = Release|Any CPU
		{13666C78-30AB-4353-B142-AD0AE2FC58AB}.Release|Any CPU.Build.0 = Release|Any CPU
		{E084E900-C44D-4A93-B242-66D0C0D99AC7}.Debug|Any CPU.ActiveCfg = Debug|Any CPU
		{E084E900-C44D-4A93-B242-66D0C0D99AC7}.Debug|Any CPU.Build.0 = Debug|Any CPU
		{E084E900-C44D-4A93-B242-66D0C0D99AC7}.Release|Any CPU.ActiveCfg = Release|Any CPU
		{E084E900-C44D-4A93-B242-66D0C0D99AC7}.Release|Any CPU.Build.0 = Release|Any CPU
	EndGlobalSection
	GlobalSection(SolutionProperties) = preSolution
		HideSolutionNode = FALSE
	EndGlobalSection
	GlobalSection(ExtensibilityGlobals) = postSolution
		SolutionGuid = {0D830C7D-1F8D-4922-B3BD-A0ECB7B1DE18}
	EndGlobalSection
EndGlobal
